// !$*UTF8*$!
{
	archiveVersion = 1;
	classes = {
	};
	objectVersion = 46;
	objects = {

/* Begin PBXBuildFile section */
		1BECCBDC1590C0CF00314AE5 /* UIKit.framework in Frameworks */ = {isa = PBXBuildFile; fileRef = 1BECCBDB1590C0CF00314AE5 /* UIKit.framework */; };
		1BECCBDE1590C0CF00314AE5 /* Foundation.framework in Frameworks */ = {isa = PBXBuildFile; fileRef = 1BECCBDD1590C0CF00314AE5 /* Foundation.framework */; };
		1BECCBE01590C0CF00314AE5 /* CoreGraphics.framework in Frameworks */ = {isa = PBXBuildFile; fileRef = 1BECCBDF1590C0CF00314AE5 /* CoreGraphics.framework */; };
		1BECCBE61590C0CF00314AE5 /* InfoPlist.strings in Resources */ = {isa = PBXBuildFile; fileRef = 1BECCBE41590C0CF00314AE5 /* InfoPlist.strings */; };
		1BECCBE81590C0CF00314AE5 /* main.m in Sources */ = {isa = PBXBuildFile; fileRef = 1BECCBE71590C0CF00314AE5 /* main.m */; };
		1BECCBEC1590C0CF00314AE5 /* AppDelegate.m in Sources */ = {isa = PBXBuildFile; fileRef = 1BECCBEB1590C0CF00314AE5 /* AppDelegate.m */; };
		1BECCBEF1590C0CF00314AE5 /* MainStoryboard.storyboard in Resources */ = {isa = PBXBuildFile; fileRef = 1BECCBED1590C0CF00314AE5 /* MainStoryboard.storyboard */; };
		1BECCBF21590C0CF00314AE5 /* ViewController.m in Sources */ = {isa = PBXBuildFile; fileRef = 1BECCBF11590C0CF00314AE5 /* ViewController.m */; };
/* End PBXBuildFile section */

/* Begin PBXFileReference section */
		1BECCBD71590C0CF00314AE5 /* FrameTransform.app */ = {isa = PBXFileReference; explicitFileType = wrapper.application; includeInIndex = 0; path = FrameTransform.app; sourceTree = BUILT_PRODUCTS_DIR; };
		1BECCBDB1590C0CF00314AE5 /* UIKit.framework */ = {isa = PBXFileReference; lastKnownFileType = wrapper.framework; name = UIKit.framework; path = System/Library/Frameworks/UIKit.framework; sourceTree = SDKROOT; };
		1BECCBDD1590C0CF00314AE5 /* Foundation.framework */ = {isa = PBXFileReference; lastKnownFileType = wrapper.framework; name = Foundation.framework; path = System/Library/Frameworks/Foundation.framework; sourceTree = SDKROOT; };
		1BECCBDF1590C0CF00314AE5 /* CoreGraphics.framework */ = {isa = PBXFileReference; lastKnownFileType = wrapper.framework; name = CoreGraphics.framework; path = System/Library/Frameworks/CoreGraphics.framework; sourceTree = SDKROOT; };
		1BECCBE31590C0CF00314AE5 /* FrameTransform-Info.plist */ = {isa = PBXFileReference; lastKnownFileType = text.plist.xml; path = "FrameTransform-Info.plist"; sourceTree = "<group>"; };
		1BECCBE51590C0CF00314AE5 /* en */ = {isa = PBXFileReference; lastKnownFileType = text.plist.strings; name = en; path = en.lproj/InfoPlist.strings; sourceTree = "<group>"; };
		1BECCBE71590C0CF00314AE5 /* main.m */ = {isa = PBXFileReference; lastKnownFileType = sourcecode.c.objc; path = main.m; sourceTree = "<group>"; };
		1BECCBE91590C0CF00314AE5 /* FrameTransform-Prefix.pch */ = {isa = PBXFileReference; lastKnownFileType = sourcecode.c.h; path = "FrameTransform-Prefix.pch"; sourceTree = "<group>"; };
		1BECCBEA1590C0CF00314AE5 /* AppDelegate.h */ = {isa = PBXFileReference; lastKnownFileType = sourcecode.c.h; path = AppDelegate.h; sourceTree = "<group>"; };
		1BECCBEB1590C0CF00314AE5 /* AppDelegate.m */ = {isa = PBXFileReference; lastKnownFileType = sourcecode.c.objc; path = AppDelegate.m; sourceTree = "<group>"; };
		1BECCBEE1590C0CF00314AE5 /* en */ = {isa = PBXFileReference; lastKnownFileType = file.storyboard; name = en; path = en.lproj/MainStoryboard.storyboard; sourceTree = "<group>"; };
		1BECCBF01590C0CF00314AE5 /* ViewController.h */ = {isa = PBXFileReference; lastKnownFileType = sourcecode.c.h; path = ViewController.h; sourceTree = "<group>"; };
		1BECCBF11590C0CF00314AE5 /* ViewController.m */ = {isa = PBXFileReference; lastKnownFileType = sourcecode.c.objc; path = ViewController.m; sourceTree = "<group>"; };
/* End PBXFileReference section */

/* Begin PBXFrameworksBuildPhase section */
		1BECCBD41590C0CF00314AE5 /* Frameworks */ = {
			isa = PBXFrameworksBuildPhase;
			buildActionMask = 2147483647;
			files = (
				1BECCBDC1590C0CF00314AE5 /* UIKit.framework in Frameworks */,
				1BECCBDE1590C0CF00314AE5 /* Foundation.framework in Frameworks */,
				1BECCBE01590C0CF00314AE5 /* CoreGraphics.framework in Frameworks */,
			);
			runOnlyForDeploymentPostprocessing = 0;
		};
/* End PBXFrameworksBuildPhase section */

/* Begin PBXGroup section */
		1BECCBCC1590C0CF00314AE5 = {
			isa = PBXGroup;
			children = (
				1BECCBE11590C0CF00314AE5 /* FrameTransform */,
				1BECCBDA1590C0CF00314AE5 /* Frameworks */,
				1BECCBD81590C0CF00314AE5 /* Products */,
			);
			sourceTree = "<group>";
		};
		1BECCBD81590C0CF00314AE5 /* Products */ = {
			isa = PBXGroup;
			children = (
				1BECCBD71590C0CF00314AE5 /* FrameTransform.app */,
			);
			name = Products;
			sourceTree = "<group>";
		};
		1BECCBDA1590C0CF00314AE5 /* Frameworks */ = {
			isa = PBXGroup;
			children = (
				1BECCBDB1590C0CF00314AE5 /* UIKit.framework */,
				1BECCBDD1590C0CF00314AE5 /* Foundation.framework */,
				1BECCBDF1590C0CF00314AE5 /* CoreGraphics.framework */,
			);
			name = Frameworks;
			sourceTree = "<group>";
		};
		1BECCBE11590C0CF00314AE5 /* FrameTransform */ = {
			isa = PBXGroup;
			children = (
				1BECCBEA1590C0CF00314AE5 /* AppDelegate.h */,
				1BECCBEB1590C0CF00314AE5 /* AppDelegate.m */,
				1BECCBED1590C0CF00314AE5 /* MainStoryboard.storyboard */,
				1BECCBF01590C0CF00314AE5 /* ViewController.h */,
				1BECCBF11590C0CF00314AE5 /* ViewController.m */,
				1BECCBE21590C0CF00314AE5 /* Supporting Files */,
			);
			path = FrameTransform;
			sourceTree = "<group>";
		};
		1BECCBE21590C0CF00314AE5 /* Supporting Files */ = {
			isa = PBXGroup;
			children = (
				1BECCBE31590C0CF00314AE5 /* FrameTransform-Info.plist */,
				1BECCBE41590C0CF00314AE5 /* InfoPlist.strings */,
				1BECCBE71590C0CF00314AE5 /* main.m */,
				1BECCBE91590C0CF00314AE5 /* FrameTransform-Prefix.pch */,
			);
			name = "Supporting Files";
			sourceTree = "<group>";
		};
/* End PBXGroup section */

/* Begin PBXNativeTarget section */
		1BECCBD61590C0CF00314AE5 /* FrameTransform */ = {
			isa = PBXNativeTarget;
			buildConfigurationList = 1BECCBF51590C0CF00314AE5 /* Build configuration list for PBXNativeTarget "FrameTransform" */;
			buildPhases = (
				1BECCBD31590C0CF00314AE5 /* Sources */,
				1BECCBD41590C0CF00314AE5 /* Frameworks */,
				1BECCBD51590C0CF00314AE5 /* Resources */,
			);
			buildRules = (
			);
			dependencies = (
			);
			name = FrameTransform;
			productName = FrameTransform;
			productReference = 1BECCBD71590C0CF00314AE5 /* FrameTransform.app */;
			productType = "com.apple.product-type.application";
		};
/* End PBXNativeTarget section */

/* Begin PBXProject section */
		1BECCBCE1590C0CF00314AE5 /* Project object */ = {
			isa = PBXProject;
			attributes = {
				LastUpgradeCheck = 0430;
			};
			buildConfigurationList = 1BECCBD11590C0CF00314AE5 /* Build configuration list for PBXProject "FrameTransform" */;
			compatibilityVersion = "Xcode 3.2";
			developmentRegion = English;
			hasScannedForEncodings = 0;
			knownRegions = (
				en,
			);
			mainGroup = 1BECCBCC1590C0CF00314AE5;
			productRefGroup = 1BECCBD81590C0CF00314AE5 /* Products */;
			projectDirPath = "";
			projectRoot = "";
			targets = (
				1BECCBD61590C0CF00314AE5 /* FrameTransform */,
			);
		};
/* End PBXProject section */

/* Begin PBXResourcesBuildPhase section */
		1BECCBD51590C0CF00314AE5 /* Resources */ = {
			isa = PBXResourcesBuildPhase;
			buildActionMask = 2147483647;
			files = (
				1BECCBE61590C0CF00314AE5 /* InfoPlist.strings in Resources */,
				1BECCBEF1590C0CF00314AE5 /* MainStoryboard.storyboard in Resources */,
			);
			runOnlyForDeploymentPostprocessing = 0;
		};
/* End PBXResourcesBuildPhase section */

/* Begin PBXSourcesBuildPhase section */
		1BECCBD31590C0CF00314AE5 /* Sources */ = {
			isa = PBXSourcesBuildPhase;
			buildActionMask = 2147483647;
			files = (
				1BECCBE81590C0CF00314AE5 /* main.m in Sources */,
				1BECCBEC1590C0CF00314AE5 /* AppDelegate.m in Sources */,
				1BECCBF21590C0CF00314AE5 /* ViewController.m in Sources */,
			);
			runOnlyForDeploymentPostprocessing = 0;
		};
/* End PBXSourcesBuildPhase section */

/* Begin PBXVariantGroup section */
		1BECCBE41590C0CF00314AE5 /* InfoPlist.strings */ = {
			isa = PBXVariantGroup;
			children = (
				1BECCBE51590C0CF00314AE5 /* en */,
			);
			name = InfoPlist.strings;
			sourceTree = "<group>";
		};
		1BECCBED1590C0CF00314AE5 /* MainStoryboard.storyboard */ = {
			isa = PBXVariantGroup;
			children = (
				1BECCBEE1590C0CF00314AE5 /* en */,
			);
			name = MainStoryboard.storyboard;
			sourceTree = "<group>";
		};
/* End PBXVariantGroup section */

/* Begin XCBuildConfiguration section */
		1BECCBF31590C0CF00314AE5 /* Debug */ = {
			isa = XCBuildConfiguration;
			buildSettings = {
				ALWAYS_SEARCH_USER_PATHS = NO;
				ARCHS = "$(ARCHS_STANDARD_32_BIT)";
				CLANG_ENABLE_OBJC_ARC = YES;
				"CODE_SIGN_IDENTITY[sdk=iphoneos*]" = "iPhone Developer";
				COPY_PHASE_STRIP = NO;
				GCC_C_LANGUAGE_STANDARD = gnu99;
				GCC_DYNAMIC_NO_PIC = NO;
				GCC_OPTIMIZATION_LEVEL = 0;
				GCC_PREPROCESSOR_DEFINITIONS = (
					"DEBUG=1",
					"$(inherited)",
				);
				GCC_SYMBOLS_PRIVATE_EXTERN = NO;
				GCC_VERSION = com.apple.compilers.llvm.clang.1_0;
				GCC_WARN_ABOUT_RETURN_TYPE = YES;
				GCC_WARN_UNINITIALIZED_AUTOS = YES;
				GCC_WARN_UNUSED_VARIABLE = YES;
				IPHONEOS_DEPLOYMENT_TARGET = 5.1;
				SDKROOT = iphoneos;
			};
			name = Debug;
		};
		1BECCBF41590C0CF00314AE5 /* Release */ = {
			isa = XCBuildConfiguration;
			buildSettings = {
				ALWAYS_SEARCH_USER_PATHS = NO;
				ARCHS = "$(ARCHS_STANDARD_32_BIT)";
				CLANG_ENABLE_OBJC_ARC = YES;
				"CODE_SIGN_IDENTITY[sdk=iphoneos*]" = "iPhone Developer";
				COPY_PHASE_STRIP = YES;
				GCC_C_LANGUAGE_STANDARD = gnu99;
				GCC_VERSION = com.apple.compilers.llvm.clang.1_0;
				GCC_WARN_ABOUT_RETURN_TYPE = YES;
				GCC_WARN_UNINITIALIZED_AUTOS = YES;
				GCC_WARN_UNUSED_VARIABLE = YES;
				IPHONEOS_DEPLOYMENT_TARGET = 5.1;
				OTHER_CFLAGS = "-DNS_BLOCK_ASSERTIONS=1";
				SDKROOT = iphoneos;
				VALIDATE_PRODUCT = YES;
			};
			name = Release;
		};
		1BECCBF61590C0CF00314AE5 /* Debug */ = {
			isa = XCBuildConfiguration;
			buildSettings = {
				CODE_SIGN_IDENTITY = "iPhone Developer";
				GCC_PRECOMPILE_PREFIX_HEADER = YES;
				GCC_PREFIX_HEADER = "FrameTransform/FrameTransform-Prefix.pch";
				INFOPLIST_FILE = "FrameTransform/FrameTransform-Info.plist";
				PRODUCT_NAME = "$(TARGET_NAME)";
				PROVISIONING_PROFILE = "";
				WRAPPER_EXTENSION = app;
			};
			name = Debug;
		};
		1BECCBF71590C0CF00314AE5 /* Release */ = {
			isa = XCBuildConfiguration;
			buildSettings = {
				CODE_SIGN_IDENTITY = "iPhone Developer";
				GCC_PRECOMPILE_PREFIX_HEADER = YES;
				GCC_PREFIX_HEADER = "FrameTransform/FrameTransform-Prefix.pch";
				INFOPLIST_FILE = "FrameTransform/FrameTransform-Info.plist";
				PRODUCT_NAME = "$(TARGET_NAME)";
				PROVISIONING_PROFILE = "";
				WRAPPER_EXTENSION = app;
			};
			name = Release;
		};
/* End XCBuildConfiguration section */

/* Begin XCConfigurationList section */
		1BECCBD11590C0CF00314AE5 /* Build configuration list for PBXProject "FrameTransform" */ = {
			isa = XCConfigurationList;
			buildConfigurations = (
				1BECCBF31590C0CF00314AE5 /* Debug */,
				1BECCBF41590C0CF00314AE5 /* Release */,
			);
			defaultConfigurationIsVisible = 0;
			defaultConfigurationName = Release;
		};
		1BECCBF51590C0CF00314AE5 /* Build configuration list for PBXNativeTarget "FrameTransform" */ = {
			isa = XCConfigurationList;
			buildConfigurations = (
				1BECCBF61590C0CF00314AE5 /* Debug */,
				1BECCBF71590C0CF00314AE5 /* Release */,
			);
			defaultConfigurationIsVisible = 0;
		};
/* End XCConfigurationList section */
	};
	rootObject = 1BECCBCE1590C0CF00314AE5 /* Project object */;
}
